
Microsoft Visual Studio Solution File, Format Version 12.00
# Visual Studio Version 17
VisualStudioVersion = 17.6.33829.357
MinimumVisualStudioVersion = 10.0.40219.1
Project("{54A90642-561A-4BB1-A94E-469ADEE60C69}") = "wvi_ui", "WVI_UI\wvi_ui.esproj", "{7D687033-25C5-4A74-A97C-9EB5BE6140AF}"
EndProject
Project("{9092AA53-FB77-4645-B42D-1CCCA6BD08BD}") = "WVI_webserver", "WVI_webserver\WVI_webserver.njsproj", "{5EBB843A-FF65-48A7-92A4-5D118C231DC2}"
EndProject
Global
	GlobalSection(SolutionConfigurationPlatforms) = preSolution
		Debug|Any CPU = Debug|Any CPU
		Release|Any CPU = Release|Any CPU
	EndGlobalSection
	GlobalSection(ProjectConfigurationPlatforms) = postSolution
		{7D687033-25C5-4A74-A97C-9EB5BE6140AF}.Debug|Any CPU.ActiveCfg = Debug|Any CPU
		{7D687033-25C5-4A74-A97C-9EB5BE6140AF}.Debug|Any CPU.Build.0 = Debug|Any CPU
		{7D687033-25C5-4A74-A97C-9EB5BE6140AF}.Debug|Any CPU.Deploy.0 = Debug|Any CPU
		{7D687033-25C5-4A74-A97C-9EB5BE6140AF}.Release|Any CPU.ActiveCfg = Release|Any CPU
		{7D687033-25C5-4A74-A97C-9EB5BE6140AF}.Release|Any CPU.Build.0 = Release|Any CPU
		{7D687033-25C5-4A74-A97C-9EB5BE6140AF}.Release|Any CPU.Deploy.0 = Release|Any CPU
		{5EBB843A-FF65-48A7-92A4-5D118C231DC2}.Debug|Any CPU.ActiveCfg = Debug|Any CPU
		{5EBB843A-FF65-48A7-92A4-5D118C231DC2}.Debug|Any CPU.Build.0 = Debug|Any CPU
		{5EBB843A-FF65-48A7-92A4-5D118C231DC2}.Release|Any CPU.ActiveCfg = Release|Any CPU
		{5EBB843A-FF65-48A7-92A4-5D118C231DC2}.Release|Any CPU.Build.0 = Release|Any CPU
	EndGlobalSection
	GlobalSection(SolutionProperties) = preSolution
		HideSolutionNode = FALSE
	EndGlobalSection
	GlobalSection(ExtensibilityGlobals) = postSolution
		SolutionGuid = {36C6E9FD-2B99-4EB7-8AF1-745CD11F72E6}
	EndGlobalSection
EndGlobal
